
Microsoft Visual Studio Solution File, Format Version 12.00
# Visual Studio 14
VisualStudioVersion = 14.0.25420.1
MinimumVisualStudioVersion = 10.0.40219.1
Project("{FAE04EC0-301F-11D3-BF4B-00C04F79EFBC}") = "appfutebol.Dominio", "appfutebol.Dominio\appfutebol.Dominio.csproj", "{3D3BE324-A918-42B3-9C6C-8700E7FCAF53}"
EndProject
Project("{FAE04EC0-301F-11D3-BF4B-00C04F79EFBC}") = "appfutebol.Repositorio", "appfutebol.Repositorio\appfutebol.Repositorio.csproj", "{0B652D37-573C-424B-817D-4F04CF7C1951}"
EndProject
Project("{FAE04EC0-301F-11D3-BF4B-00C04F79EFBC}") = "appfutebol.Site", "appfutebol.Site\appfutebol.Site.csproj", "{0A6EF163-6CE5-4C38-A306-0C4983EA3C48}"
EndProject
Global
	GlobalSection(SolutionConfigurationPlatforms) = preSolution
		Debug|Any CPU = Debug|Any CPU
		Release|Any CPU = Release|Any CPU
	EndGlobalSection
	GlobalSection(ProjectConfigurationPlatforms) = postSolution
		{3D3BE324-A918-42B3-9C6C-8700E7FCAF53}.Debug|Any CPU.ActiveCfg = Debug|Any CPU
		{3D3BE324-A918-42B3-9C6C-8700E7FCAF53}.Debug|Any CPU.Build.0 = Debug|Any CPU
		{3D3BE324-A918-42B3-9C6C-8700E7FCAF53}.Release|Any CPU.ActiveCfg = Release|Any CPU
		{3D3BE324-A918-42B3-9C6C-8700E7FCAF53}.Release|Any CPU.Build.0 = Release|Any CPU
		{0B652D37-573C-424B-817D-4F04CF7C1951}.Debug|Any CPU.ActiveCfg = Debug|Any CPU
		{0B652D37-573C-424B-817D-4F04CF7C1951}.Debug|Any CPU.Build.0 = Debug|Any CPU
		{0B652D37-573C-424B-817D-4F04CF7C1951}.Release|Any CPU.ActiveCfg = Release|Any CPU
		{0B652D37-573C-424B-817D-4F04CF7C1951}.Release|Any CPU.Build.0 = Release|Any CPU
		{0A6EF163-6CE5-4C38-A306-0C4983EA3C48}.Debug|Any CPU.ActiveCfg = Debug|Any CPU
		{0A6EF163-6CE5-4C38-A306-0C4983EA3C48}.Debug|Any CPU.Build.0 = Debug|Any CPU
		{0A6EF163-6CE5-4C38-A306-0C4983EA3C48}.Release|Any CPU.ActiveCfg = Release|Any CPU
		{0A6EF163-6CE5-4C38-A306-0C4983EA3C48}.Release|Any CPU.Build.0 = Release|Any CPU
	EndGlobalSection
	GlobalSection(SolutionProperties) = preSolution
		HideSolutionNode = FALSE
	EndGlobalSection
EndGlobal
